{
  "requires": true,
  "lockfileVersion": 1,
  "dependencies": {
    "vega-lite-api": {
      "version": "0.1.0",
      "resolved": "https://registry.npmjs.org/vega-lite-api/-/vega-lite-api-0.1.0.tgz",
      "integrity": "sha512-dBhaHX5LDPhVpwFZdWWGjbVwcgu6Bu70cfH/HzXUuZslvmTS/9Ed13OBcdBvnNBfa6U0uowqPksqIzh6C+jOBw=="
    }
  }
}
